{
    "name": "card",
    "version": "0.1.0",
    "lockfileVersion": 1,
    "requires": true,
    "dependencies": {
        "lodash.isarray": {
            "version": "3.0.4",
            "resolved": "https://registry.npmjs.org/lodash.isarray/-/lodash.isarray-3.0.4.tgz",
            "integrity": "sha1-eeTriMNqgSKvhvhEqpvNhRtfu1U="
        },
        "lodash.isfinite": {
            "version": "3.2.0",
            "resolved": "https://registry.npmjs.org/lodash.isfinite/-/lodash.isfinite-3.2.0.tgz",
            "integrity": "sha1-qmn/uTo36C+rDOGIYmVfkXTO0zk="
        },
        "object-assign": {
            "version": "4.0.1",
            "resolved": "https://registry.npmjs.org/object-assign/-/object-assign-4.0.1.tgz",
            "integrity": "sha1-mVBEVsNZi1ytT8WcJuipuxB/4L0="
        },
        "react-infinite": {
            "version": "0.12.1",
            "resolved": "https://registry.npmjs.org/react-infinite/-/react-infinite-0.12.1.tgz",
            "integrity": "sha512-sOXsm0OsszFQQ+4Vtqt1UUqLETGOCS0keAdEQuNMmeoIHHz2iIW44cHhPLxyeAsdfJQOYanmBZjhpZFQw7bhKw==",
            "requires": {
                "lodash.isarray": "3.0.4",
                "lodash.isfinite": "3.2.0",
                "object-assign": "4.0.1"
            }
        },
        "whatwg-fetch": {
            "version": "2.0.3",
            "resolved": "https://registry.npmjs.org/whatwg-fetch/-/whatwg-fetch-2.0.3.tgz",
            "integrity": "sha1-nITsLc9oGH/wC8ZOEnS0QhduHIQ="
        }
    }
}
